
Microsoft Visual Studio Solution File, Format Version 12.00
# Visual Studio Version 17
VisualStudioVersion = 17.2.32616.157
MinimumVisualStudioVersion = 10.0.40219.1
Project("{FAE04EC0-301F-11D3-BF4B-00C04F79EFBC}") = "Presentacion", "Presentacion\Presentacion.csproj", "{33A839C6-636F-47F9-B5DD-731701618EF9}"
EndProject
Project("{FAE04EC0-301F-11D3-BF4B-00C04F79EFBC}") = "Entidades", "Entidades\Entidades.csproj", "{E1129C0A-DD1F-41F5-BC3C-51223B0E7A72}"
EndProject
Project("{FAE04EC0-301F-11D3-BF4B-00C04F79EFBC}") = "Datos", "Datos\Datos.csproj", "{1787409D-2A8E-4C1F-826B-E11AC9E09C3C}"
EndProject
Project("{FAE04EC0-301F-11D3-BF4B-00C04F79EFBC}") = "Logica", "LogicaS\Logica.csproj", "{23ED29A7-C316-4F1C-B584-E3763B281626}"
EndProject
Project("{FAE04EC0-301F-11D3-BF4B-00C04F79EFBC}") = "Tests", "Tests\Tests.csproj", "{4F662548-0728-4B1C-982C-6E7E418F2E9C}"
EndProject
Global
	GlobalSection(SolutionConfigurationPlatforms) = preSolution
		Debug|Any CPU = Debug|Any CPU
		Release|Any CPU = Release|Any CPU
	EndGlobalSection
	GlobalSection(ProjectConfigurationPlatforms) = postSolution
		{33A839C6-636F-47F9-B5DD-731701618EF9}.Debug|Any CPU.ActiveCfg = Debug|Any CPU
		{33A839C6-636F-47F9-B5DD-731701618EF9}.Debug|Any CPU.Build.0 = Debug|Any CPU
		{33A839C6-636F-47F9-B5DD-731701618EF9}.Release|Any CPU.ActiveCfg = Release|Any CPU
		{33A839C6-636F-47F9-B5DD-731701618EF9}.Release|Any CPU.Build.0 = Release|Any CPU
		{E1129C0A-DD1F-41F5-BC3C-51223B0E7A72}.Debug|Any CPU.ActiveCfg = Debug|Any CPU
		{E1129C0A-DD1F-41F5-BC3C-51223B0E7A72}.Debug|Any CPU.Build.0 = Debug|Any CPU
		{E1129C0A-DD1F-41F5-BC3C-51223B0E7A72}.Release|Any CPU.ActiveCfg = Release|Any CPU
		{E1129C0A-DD1F-41F5-BC3C-51223B0E7A72}.Release|Any CPU.Build.0 = Release|Any CPU
		{1787409D-2A8E-4C1F-826B-E11AC9E09C3C}.Debug|Any CPU.ActiveCfg = Debug|Any CPU
		{1787409D-2A8E-4C1F-826B-E11AC9E09C3C}.Debug|Any CPU.Build.0 = Debug|Any CPU
		{1787409D-2A8E-4C1F-826B-E11AC9E09C3C}.Release|Any CPU.ActiveCfg = Release|Any CPU
		{1787409D-2A8E-4C1F-826B-E11AC9E09C3C}.Release|Any CPU.Build.0 = Release|Any CPU
		{23ED29A7-C316-4F1C-B584-E3763B281626}.Debug|Any CPU.ActiveCfg = Debug|Any CPU
		{23ED29A7-C316-4F1C-B584-E3763B281626}.Debug|Any CPU.Build.0 = Debug|Any CPU
		{23ED29A7-C316-4F1C-B584-E3763B281626}.Release|Any CPU.ActiveCfg = Release|Any CPU
		{23ED29A7-C316-4F1C-B584-E3763B281626}.Release|Any CPU.Build.0 = Release|Any CPU
		{4F662548-0728-4B1C-982C-6E7E418F2E9C}.Debug|Any CPU.ActiveCfg = Debug|Any CPU
		{4F662548-0728-4B1C-982C-6E7E418F2E9C}.Debug|Any CPU.Build.0 = Debug|Any CPU
		{4F662548-0728-4B1C-982C-6E7E418F2E9C}.Release|Any CPU.ActiveCfg = Release|Any CPU
		{4F662548-0728-4B1C-982C-6E7E418F2E9C}.Release|Any CPU.Build.0 = Release|Any CPU
	EndGlobalSection
	GlobalSection(SolutionProperties) = preSolution
		HideSolutionNode = FALSE
	EndGlobalSection
	GlobalSection(ExtensibilityGlobals) = postSolution
		SolutionGuid = {29EDAE0D-C7D8-49FC-80E1-828B04BB3729}
	EndGlobalSection
EndGlobal
